{
  "object": {
    "pins": [
      {
        "package": "Networking",
        "repositoryURL": "https://github.com/pprokopowicz/Networking.git",
        "state": {
          "branch": null,
          "revision": "e29ad91aa011d662294a3148adaf7e2c2f4092c9",
          "version": "0.1.0"
        }
      }
    ]
  },
  "version": 1
}
