{
  "object": {
    "pins": [
      {
        "package": "Networking",
        "repositoryURL": "https://github.com/pprokopowicz/Networking.git",
        "state": {
          "branch": null,
          "revision": "67f95cccc7b16b561eecca168f96a99cc85ba176",
          "version": "0.1.0"
        }
      }
    ]
  },
  "version": 1
}
