{
  "object": {
    "pins": [
      {
        "package": "NetworkKit",
        "repositoryURL": "https://github.com/pprokopowicz/NetworkKit.git",
        "state": {
          "branch": null,
          "revision": "8f89820fff6648819b797ae62e6afae2b30db582",
          "version": "0.6.0"
        }
      }
    ]
  },
  "version": 1
}
